
Microsoft Visual Studio Solution File, Format Version 12.00
# Visual Studio Version 17
VisualStudioVersion = 17.12.35707.178
MinimumVisualStudioVersion = 10.0.40219.1
Project("{FAE04EC0-301F-11D3-BF4B-00C04F79EFBC}") = "ef2", "ef2.csproj", "{70F64CD8-3D2B-4C3E-A66F-B6A377192348}"
EndProject
Global
	GlobalSection(SolutionConfigurationPlatforms) = preSolution
		Debug|Any CPU = Debug|Any CPU
		Release|Any CPU = Release|Any CPU
	EndGlobalSection
	GlobalSection(ProjectConfigurationPlatforms) = postSolution
		{70F64CD8-3D2B-4C3E-A66F-B6A377192348}.Debug|Any CPU.ActiveCfg = Debug|Any CPU
		{70F64CD8-3D2B-4C3E-A66F-B6A377192348}.Debug|Any CPU.Build.0 = Debug|Any CPU
		{70F64CD8-3D2B-4C3E-A66F-B6A377192348}.Release|Any CPU.ActiveCfg = Release|Any CPU
		{70F64CD8-3D2B-4C3E-A66F-B6A377192348}.Release|Any CPU.Build.0 = Release|Any CPU
	EndGlobalSection
	GlobalSection(SolutionProperties) = preSolution
		HideSolutionNode = FALSE
	EndGlobalSection
EndGlobal
